
Microsoft Visual Studio Solution File, Format Version 12.00
# Visual Studio Version 17
VisualStudioVersion = 17.9.34728.123
MinimumVisualStudioVersion = 10.0.40219.1
Project("{FAE04EC0-301F-11D3-BF4B-00C04F79EFBC}") = "CustomerInformation", "CustomerInformation\CustomerInformation.csproj", "{3781A2C0-2A4A-44E2-8E22-0D290147C64C}"
EndProject
Project("{FAE04EC0-301F-11D3-BF4B-00C04F79EFBC}") = "WebApi", "WebApi\WebApi.csproj", "{60652049-062A-44DE-8813-37AD5F62EE09}"
EndProject
Project("{FAE04EC0-301F-11D3-BF4B-00C04F79EFBC}") = "CustomerView", "CustomerView\CustomerView.csproj", "{6CCD58BC-980B-40AB-A5F4-AB2F100C6B3B}"
EndProject
Global
	GlobalSection(SolutionConfigurationPlatforms) = preSolution
		Debug|Any CPU = Debug|Any CPU
		Release|Any CPU = Release|Any CPU
	EndGlobalSection
	GlobalSection(ProjectConfigurationPlatforms) = postSolution
		{3781A2C0-2A4A-44E2-8E22-0D290147C64C}.Debug|Any CPU.ActiveCfg = Debug|Any CPU
		{3781A2C0-2A4A-44E2-8E22-0D290147C64C}.Debug|Any CPU.Build.0 = Debug|Any CPU
		{3781A2C0-2A4A-44E2-8E22-0D290147C64C}.Release|Any CPU.ActiveCfg = Release|Any CPU
		{3781A2C0-2A4A-44E2-8E22-0D290147C64C}.Release|Any CPU.Build.0 = Release|Any CPU
		{60652049-062A-44DE-8813-37AD5F62EE09}.Debug|Any CPU.ActiveCfg = Debug|Any CPU
		{60652049-062A-44DE-8813-37AD5F62EE09}.Debug|Any CPU.Build.0 = Debug|Any CPU
		{60652049-062A-44DE-8813-37AD5F62EE09}.Release|Any CPU.ActiveCfg = Release|Any CPU
		{60652049-062A-44DE-8813-37AD5F62EE09}.Release|Any CPU.Build.0 = Release|Any CPU
		{6CCD58BC-980B-40AB-A5F4-AB2F100C6B3B}.Debug|Any CPU.ActiveCfg = Debug|Any CPU
		{6CCD58BC-980B-40AB-A5F4-AB2F100C6B3B}.Debug|Any CPU.Build.0 = Debug|Any CPU
		{6CCD58BC-980B-40AB-A5F4-AB2F100C6B3B}.Release|Any CPU.ActiveCfg = Release|Any CPU
		{6CCD58BC-980B-40AB-A5F4-AB2F100C6B3B}.Release|Any CPU.Build.0 = Release|Any CPU
	EndGlobalSection
	GlobalSection(SolutionProperties) = preSolution
		HideSolutionNode = FALSE
	EndGlobalSection
	GlobalSection(ExtensibilityGlobals) = postSolution
		SolutionGuid = {BFCDF175-1EBE-4DCF-8E1B-494669D5D3AB}
	EndGlobalSection
EndGlobal
